{
  "name": "excel-export",
  "version": "1.0.0",
  "lockfileVersion": 3,
  "requires": true,
  "packages": {
    "": {
      "name": "excel-export",
      "version": "1.0.0",
      "license": "ISC",
      "workspaces": [
        "src/ui",
        "src/api"
      ]
    },
    "node_modules/api": {
      "resolved": "src/api",
      "link": true
    },
    "node_modules/ui": {
      "resolved": "src/ui",
      "link": true
    },
    "src/api": {
      "version": "1.0.0",
      "license": "ISC",
      "devDependencies": {}
    },
    "src/ui": {
      "version": "1.0.0"
    }
  }
}
